
Microsoft Visual Studio Solution File, Format Version 11.00
# Visual Studio 2010
Project("{8BC9CEB8-8B4A-11D0-8D11-00A0C91BC942}") = "Adaboost", "Adaboost\Adaboost.vcxproj", "{761EDD7B-0DC8-4A92-ADEE-233A14AA675A}"
EndProject
Project("{8BC9CEB8-8B4A-11D0-8D11-00A0C91BC942}") = "AdaBoostPredict", "AdaBoostPredict\AdaBoostPredict.vcxproj", "{4F248A13-4E4A-4071-BDE4-F95479420DE9}"
EndProject
Global
	GlobalSection(SolutionConfigurationPlatforms) = preSolution
		Debug|Win32 = Debug|Win32
		Release|Win32 = Release|Win32
		testo2|Win32 = testo2|Win32
	EndGlobalSection
	GlobalSection(ProjectConfigurationPlatforms) = postSolution
		{761EDD7B-0DC8-4A92-ADEE-233A14AA675A}.Debug|Win32.ActiveCfg = Debug|Win32
		{761EDD7B-0DC8-4A92-ADEE-233A14AA675A}.Debug|Win32.Build.0 = Debug|Win32
		{761EDD7B-0DC8-4A92-ADEE-233A14AA675A}.Release|Win32.ActiveCfg = Release|Win32
		{761EDD7B-0DC8-4A92-ADEE-233A14AA675A}.Release|Win32.Build.0 = Release|Win32
		{761EDD7B-0DC8-4A92-ADEE-233A14AA675A}.testo2|Win32.ActiveCfg = testo2|Win32
		{761EDD7B-0DC8-4A92-ADEE-233A14AA675A}.testo2|Win32.Build.0 = testo2|Win32
		{4F248A13-4E4A-4071-BDE4-F95479420DE9}.Debug|Win32.ActiveCfg = Debug|Win32
		{4F248A13-4E4A-4071-BDE4-F95479420DE9}.Debug|Win32.Build.0 = Debug|Win32
		{4F248A13-4E4A-4071-BDE4-F95479420DE9}.Release|Win32.ActiveCfg = Release|Win32
		{4F248A13-4E4A-4071-BDE4-F95479420DE9}.Release|Win32.Build.0 = Release|Win32
		{4F248A13-4E4A-4071-BDE4-F95479420DE9}.testo2|Win32.ActiveCfg = testo2|Win32
		{4F248A13-4E4A-4071-BDE4-F95479420DE9}.testo2|Win32.Build.0 = testo2|Win32
	EndGlobalSection
	GlobalSection(SolutionProperties) = preSolution
		HideSolutionNode = FALSE
	EndGlobalSection
EndGlobal
